{
  "originHash" : "a1cb0c50e4b8af9c7d912b2109dbd493ba31561bb5e1aa61732ffae34a6e6cd0",
  "pins" : [
    {
      "identity" : "capacitor-swift-pm",
      "kind" : "remoteSourceControl",
      "location" : "https://github.com/ionic-team/capacitor-swift-pm.git",
      "state" : {
        "revision" : "9b9fb0af76b2b653f6e9b999f658adc132b9ab4c",
        "version" : "8.4.2"
      }
    }
  ],
  "version" : 3
}
